
Microsoft Visual Studio Solution File, Format Version 12.00
# Visual Studio Version 17
VisualStudioVersion = 17.3.32819.101
MinimumVisualStudioVersion = 10.0.40219.1
Project("{FAE04EC0-301F-11D3-BF4B-00C04F79EFBC}") = "SimpleBinaryClassification", "SimpleBinaryClassification\SimpleBinaryClassification.csproj", "{CDB8FB55-539D-49A4-AC18-AF314F0F35E0}"
EndProject
Global
	GlobalSection(SolutionConfigurationPlatforms) = preSolution
		Debug|Any CPU = Debug|Any CPU
		Release|Any CPU = Release|Any CPU
	EndGlobalSection
	GlobalSection(ProjectConfigurationPlatforms) = postSolution
		{CDB8FB55-539D-49A4-AC18-AF314F0F35E0}.Debug|Any CPU.ActiveCfg = Debug|Any CPU
		{CDB8FB55-539D-49A4-AC18-AF314F0F35E0}.Debug|Any CPU.Build.0 = Debug|Any CPU
		{CDB8FB55-539D-49A4-AC18-AF314F0F35E0}.Release|Any CPU.ActiveCfg = Release|Any CPU
		{CDB8FB55-539D-49A4-AC18-AF314F0F35E0}.Release|Any CPU.Build.0 = Release|Any CPU
	EndGlobalSection
	GlobalSection(SolutionProperties) = preSolution
		HideSolutionNode = FALSE
	EndGlobalSection
	GlobalSection(ExtensibilityGlobals) = postSolution
		SolutionGuid = {82898CBA-393D-4182-957A-11E33D3758F1}
	EndGlobalSection
EndGlobal
